
Microsoft Visual Studio Solution File, Format Version 12.00
# Visual Studio Version 16
VisualStudioVersion = 16.0.29911.84
MinimumVisualStudioVersion = 10.0.40219.1
Project("{8BC9CEB8-8B4A-11D0-8D11-00A0C91BC942}") = "QtWidgetsApplication1", "QtWidgetsApplication1.vcxproj", "{F6CD6E29-FB52-42AA-8D26-66CD80BF8314}"
EndProject
Global
	GlobalSection(SolutionConfigurationPlatforms) = preSolution
		Debug|x64 = Debug|x64
		Release|x64 = Release|x64
	EndGlobalSection
	GlobalSection(ProjectConfigurationPlatforms) = postSolution
		{F6CD6E29-FB52-42AA-8D26-66CD80BF8314}.Debug|x64.ActiveCfg = Debug|x64
		{F6CD6E29-FB52-42AA-8D26-66CD80BF8314}.Debug|x64.Build.0 = Debug|x64
		{F6CD6E29-FB52-42AA-8D26-66CD80BF8314}.Release|x64.ActiveCfg = Release|x64
		{F6CD6E29-FB52-42AA-8D26-66CD80BF8314}.Release|x64.Build.0 = Release|x64
	EndGlobalSection
	GlobalSection(SolutionProperties) = preSolution
		HideSolutionNode = FALSE
	EndGlobalSection
	GlobalSection(ExtensibilityGlobals) = postSolution
		SolutionGuid = {8B222969-000A-42FB-95B5-EB5B52F78638}
	EndGlobalSection
EndGlobal
